// !$*UTF8*$!
{
	archiveVersion = 1;
	classes = {
	};
	objectVersion = 56;
	objects = {

/* Begin PBXBuildFile section */
		3377DDB729E801EE009D4FE4 /* AppDelegate.swift in Sources */ = {isa = PBXBuildFile; fileRef = 3377DDB629E801EE009D4FE4 /* AppDelegate.swift */; };
		3377DDB929E801EE009D4FE4 /* SceneDelegate.swift in Sources */ = {isa = PBXBuildFile; fileRef = 3377DDB829E801EE009D4FE4 /* SceneDelegate.swift */; };
		3377DDBB29E801EE009D4FE4 /* ViewController.swift in Sources */ = {isa = PBXBuildFile; fileRef = 3377DDBA29E801EE009D4FE4 /* ViewController.swift */; };
		3377DDBE29E801EE009D4FE4 /* Main.storyboard in Resources */ = {isa = PBXBuildFile; fileRef = 3377DDBC29E801EE009D4FE4 /* Main.storyboard */; };
		3377DDC029E801F0009D4FE4 /* Assets.xcassets in Resources */ = {isa = PBXBuildFile; fileRef = 3377DDBF29E801F0009D4FE4 /* Assets.xcassets */; };
		3377DDC329E801F0009D4FE4 /* LaunchScreen.storyboard in Resources */ = {isa = PBXBuildFile; fileRef = 3377DDC129E801F0009D4FE4 /* LaunchScreen.storyboard */; };
		3377DDD829E801F0009D4FE4 /* SwiftTutorUITests.swift in Sources */ = {isa = PBXBuildFile; fileRef = 3377DDD729E801F0009D4FE4 /* SwiftTutorUITests.swift */; };
		3377DDDA29E801F0009D4FE4 /* SwiftTutorUITestsLaunchTests.swift in Sources */ = {isa = PBXBuildFile; fileRef = 3377DDD929E801F0009D4FE4 /* SwiftTutorUITestsLaunchTests.swift */; };
		3377DDEE29E803EF009D4FE4 /* QuestionTests.swift in Sources */ = {isa = PBXBuildFile; fileRef = 3377DDED29E803EF009D4FE4 /* QuestionTests.swift */; };
		3377DDF029E805AC009D4FE4 /* Question.swift in Sources */ = {isa = PBXBuildFile; fileRef = 3377DDEF29E805AC009D4FE4 /* Question.swift */; };
		3377DDF529E80A1F009D4FE4 /* QuestionTestData.swift in Sources */ = {isa = PBXBuildFile; fileRef = 3377DDF429E80A1F009D4FE4 /* QuestionTestData.swift */; };
		3377DDF729E81982009D4FE4 /* QuestionSectionTests.swift in Sources */ = {isa = PBXBuildFile; fileRef = 3377DDF629E81982009D4FE4 /* QuestionSectionTests.swift */; };
		3377DDF929E819D0009D4FE4 /* QuestionSection.swift in Sources */ = {isa = PBXBuildFile; fileRef = 3377DDF829E819D0009D4FE4 /* QuestionSection.swift */; };
		3377DDFB29E81A35009D4FE4 /* QuestionSectionTestData.swift in Sources */ = {isa = PBXBuildFile; fileRef = 3377DDFA29E81A35009D4FE4 /* QuestionSectionTestData.swift */; };
		3377DE0229E822EE009D4FE4 /* Bundle-Decodable.swift in Sources */ = {isa = PBXBuildFile; fileRef = 3377DE0129E822EE009D4FE4 /* Bundle-Decodable.swift */; };
		3377DE0429E82543009D4FE4 /* Bundle-DecodableTests.swift in Sources */ = {isa = PBXBuildFile; fileRef = 3377DE0329E82543009D4FE4 /* Bundle-DecodableTests.swift */; };
		3377DE0929E8511E009D4FE4 /* Questions.json in Resources */ = {isa = PBXBuildFile; fileRef = 3377DE0829E8511E009D4FE4 /* Questions.json */; };
		3377DE0B29E85199009D4FE4 /* EmptyQuestionFile.json in Resources */ = {isa = PBXBuildFile; fileRef = 3377DE0A29E85199009D4FE4 /* EmptyQuestionFile.json */; };
		33D5568929EED73800983F39 /* QuestionModelTests.swift in Sources */ = {isa = PBXBuildFile; fileRef = 33D5568829EED73800983F39 /* QuestionModelTests.swift */; };
		33D5568B29EED7BF00983F39 /* QuestionModel.swift in Sources */ = {isa = PBXBuildFile; fileRef = 33D5568A29EED7BF00983F39 /* QuestionModel.swift */; };
		33D5568D29EEDA8600983F39 /* QuestionModelTestData.swift in Sources */ = {isa = PBXBuildFile; fileRef = 33D5568C29EEDA8600983F39 /* QuestionModelTestData.swift */; };
		33D5568F29EEE49D00983F39 /* Questions.json in Resources */ = {isa = PBXBuildFile; fileRef = 33D5568E29EEE49D00983F39 /* Questions.json */; };
/* End PBXBuildFile section */

/* Begin PBXContainerItemProxy section */
		3377DDCA29E801F0009D4FE4 /* PBXContainerItemProxy */ = {
			isa = PBXContainerItemProxy;
			containerPortal = 3377DDAB29E801EE009D4FE4 /* Project object */;
			proxyType = 1;
			remoteGlobalIDString = 3377DDB229E801EE009D4FE4;
			remoteInfo = SwiftTutor;
		};
		3377DDD429E801F0009D4FE4 /* PBXContainerItemProxy */ = {
			isa = PBXContainerItemProxy;
			containerPortal = 3377DDAB29E801EE009D4FE4 /* Project object */;
			proxyType = 1;
			remoteGlobalIDString = 3377DDB229E801EE009D4FE4;
			remoteInfo = SwiftTutor;
		};
/* End PBXContainerItemProxy section */

/* Begin PBXFileReference section */
		3377DDB329E801EE009D4FE4 /* SwiftTutor.app */ = {isa = PBXFileReference; explicitFileType = wrapper.application; includeInIndex = 0; path = SwiftTutor.app; sourceTree = BUILT_PRODUCTS_DIR; };
		3377DDB629E801EE009D4FE4 /* AppDelegate.swift */ = {isa = PBXFileReference; lastKnownFileType = sourcecode.swift; path = AppDelegate.swift; sourceTree = "<group>"; };
		3377DDB829E801EE009D4FE4 /* SceneDelegate.swift */ = {isa = PBXFileReference; lastKnownFileType = sourcecode.swift; path = SceneDelegate.swift; sourceTree = "<group>"; };
		3377DDBA29E801EE009D4FE4 /* ViewController.swift */ = {isa = PBXFileReference; lastKnownFileType = sourcecode.swift; path = ViewController.swift; sourceTree = "<group>"; };
		3377DDBD29E801EE009D4FE4 /* Base */ = {isa = PBXFileReference; lastKnownFileType = file.storyboard; name = Base; path = Base.lproj/Main.storyboard; sourceTree = "<group>"; };
		3377DDBF29E801F0009D4FE4 /* Assets.xcassets */ = {isa = PBXFileReference; lastKnownFileType = folder.assetcatalog; path = Assets.xcassets; sourceTree = "<group>"; };
		3377DDC229E801F0009D4FE4 /* Base */ = {isa = PBXFileReference; lastKnownFileType = file.storyboard; name = Base; path = Base.lproj/LaunchScreen.storyboard; sourceTree = "<group>"; };
		3377DDC429E801F0009D4FE4 /* Info.plist */ = {isa = PBXFileReference; lastKnownFileType = text.plist.xml; path = Info.plist; sourceTree = "<group>"; };
		3377DDC929E801F0009D4FE4 /* SwiftTutorTests.xctest */ = {isa = PBXFileReference; explicitFileType = wrapper.cfbundle; includeInIndex = 0; path = SwiftTutorTests.xctest; sourceTree = BUILT_PRODUCTS_DIR; };
		3377DDD329E801F0009D4FE4 /* SwiftTutorUITests.xctest */ = {isa = PBXFileReference; explicitFileType = wrapper.cfbundle; includeInIndex = 0; path = SwiftTutorUITests.xctest; sourceTree = BUILT_PRODUCTS_DIR; };
		3377DDD729E801F0009D4FE4 /* SwiftTutorUITests.swift */ = {isa = PBXFileReference; lastKnownFileType = sourcecode.swift; path = SwiftTutorUITests.swift; sourceTree = "<group>"; };
		3377DDD929E801F0009D4FE4 /* SwiftTutorUITestsLaunchTests.swift */ = {isa = PBXFileReference; lastKnownFileType = sourcecode.swift; path = SwiftTutorUITestsLaunchTests.swift; sourceTree = "<group>"; };
		3377DDED29E803EF009D4FE4 /* QuestionTests.swift */ = {isa = PBXFileReference; lastKnownFileType = sourcecode.swift; path = QuestionTests.swift; sourceTree = "<group>"; };
		3377DDEF29E805AC009D4FE4 /* Question.swift */ = {isa = PBXFileReference; lastKnownFileType = sourcecode.swift; path = Question.swift; sourceTree = "<group>"; };
		3377DDF429E80A1F009D4FE4 /* QuestionTestData.swift */ = {isa = PBXFileReference; lastKnownFileType = sourcecode.swift; path = QuestionTestData.swift; sourceTree = "<group>"; };
		3377DDF629E81982009D4FE4 /* QuestionSectionTests.swift */ = {isa = PBXFileReference; lastKnownFileType = sourcecode.swift; path = QuestionSectionTests.swift; sourceTree = "<group>"; };
		3377DDF829E819D0009D4FE4 /* QuestionSection.swift */ = {isa = PBXFileReference; lastKnownFileType = sourcecode.swift; path = QuestionSection.swift; sourceTree = "<group>"; };
		3377DDFA29E81A35009D4FE4 /* QuestionSectionTestData.swift */ = {isa = PBXFileReference; lastKnownFileType = sourcecode.swift; path = QuestionSectionTestData.swift; sourceTree = "<group>"; };
		3377DE0129E822EE009D4FE4 /* Bundle-Decodable.swift */ = {isa = PBXFileReference; lastKnownFileType = sourcecode.swift; path = "Bundle-Decodable.swift"; sourceTree = "<group>"; };
		3377DE0329E82543009D4FE4 /* Bundle-DecodableTests.swift */ = {isa = PBXFileReference; lastKnownFileType = sourcecode.swift; path = "Bundle-DecodableTests.swift"; sourceTree = "<group>"; };
		3377DE0829E8511E009D4FE4 /* Questions.json */ = {isa = PBXFileReference; fileEncoding = 4; lastKnownFileType = text.json; path = Questions.json; sourceTree = "<group>"; };
		3377DE0A29E85199009D4FE4 /* EmptyQuestionFile.json */ = {isa = PBXFileReference; lastKnownFileType = text.json; path = EmptyQuestionFile.json; sourceTree = "<group>"; };
		33D5568829EED73800983F39 /* QuestionModelTests.swift */ = {isa = PBXFileReference; lastKnownFileType = sourcecode.swift; path = QuestionModelTests.swift; sourceTree = "<group>"; };
		33D5568A29EED7BF00983F39 /* QuestionModel.swift */ = {isa = PBXFileReference; lastKnownFileType = sourcecode.swift; path = QuestionModel.swift; sourceTree = "<group>"; };
		33D5568C29EEDA8600983F39 /* QuestionModelTestData.swift */ = {isa = PBXFileReference; lastKnownFileType = sourcecode.swift; path = QuestionModelTestData.swift; sourceTree = "<group>"; };
		33D5568E29EEE49D00983F39 /* Questions.json */ = {isa = PBXFileReference; lastKnownFileType = text.json; path = Questions.json; sourceTree = "<group>"; };
/* End PBXFileReference section */

/* Begin PBXFrameworksBuildPhase section */
		3377DDB029E801EE009D4FE4 /* Frameworks */ = {
			isa = PBXFrameworksBuildPhase;
			buildActionMask = 2147483647;
			files = (
			);
			runOnlyForDeploymentPostprocessing = 0;
		};
		3377DDC629E801F0009D4FE4 /* Frameworks */ = {
			isa = PBXFrameworksBuildPhase;
			buildActionMask = 2147483647;
			files = (
			);
			runOnlyForDeploymentPostprocessing = 0;
		};
		3377DDD029E801F0009D4FE4 /* Frameworks */ = {
			isa = PBXFrameworksBuildPhase;
			buildActionMask = 2147483647;
			files = (
			);
			runOnlyForDeploymentPostprocessing = 0;
		};
/* End PBXFrameworksBuildPhase section */

/* Begin PBXGroup section */
		3377DDAA29E801EE009D4FE4 = {
			isa = PBXGroup;
			children = (
				3377DDB529E801EE009D4FE4 /* SwiftTutor */,
				3377DDCC29E801F0009D4FE4 /* SwiftTutorTests */,
				3377DDD629E801F0009D4FE4 /* SwiftTutorUITests */,
				3377DDB429E801EE009D4FE4 /* Products */,
			);
			sourceTree = "<group>";
		};
		3377DDB429E801EE009D4FE4 /* Products */ = {
			isa = PBXGroup;
			children = (
				3377DDB329E801EE009D4FE4 /* SwiftTutor.app */,
				3377DDC929E801F0009D4FE4 /* SwiftTutorTests.xctest */,
				3377DDD329E801F0009D4FE4 /* SwiftTutorUITests.xctest */,
			);
			name = Products;
			sourceTree = "<group>";
		};
		3377DDB529E801EE009D4FE4 /* SwiftTutor */ = {
			isa = PBXGroup;
			children = (
				3377DDEB29E80272009D4FE4 /* System */,
				3377DDEA29E80238009D4FE4 /* Resources */,
				3377DDE929E80223009D4FE4 /* Helpers */,
				3377DDE829E80208009D4FE4 /* ViewController */,
				3377DDE729E80202009D4FE4 /* View */,
				3377DDE629E801FB009D4FE4 /* Model */,
				3377DDC429E801F0009D4FE4 /* Info.plist */,
			);
			path = SwiftTutor;
			sourceTree = "<group>";
		};
		3377DDCC29E801F0009D4FE4 /* SwiftTutorTests */ = {
			isa = PBXGroup;
			children = (
				3377DDFC29E81DA8009D4FE4 /* HelperTests */,
				3377DDF129E806E9009D4FE4 /* TestData */,
				3377DDEC29E80369009D4FE4 /* Model */,
			);
			path = SwiftTutorTests;
			sourceTree = "<group>";
		};
		3377DDD629E801F0009D4FE4 /* SwiftTutorUITests */ = {
			isa = PBXGroup;
			children = (
				3377DDD729E801F0009D4FE4 /* SwiftTutorUITests.swift */,
				3377DDD929E801F0009D4FE4 /* SwiftTutorUITestsLaunchTests.swift */,
			);
			path = SwiftTutorUITests;
			sourceTree = "<group>";
		};
		3377DDE629E801FB009D4FE4 /* Model */ = {
			isa = PBXGroup;
			children = (
				3377DDEF29E805AC009D4FE4 /* Question.swift */,
				33D5568A29EED7BF00983F39 /* QuestionModel.swift */,
				3377DDF829E819D0009D4FE4 /* QuestionSection.swift */,
			);
			path = Model;
			sourceTree = "<group>";
		};
		3377DDE729E80202009D4FE4 /* View */ = {
			isa = PBXGroup;
			children = (
			);
			path = View;
			sourceTree = "<group>";
		};
		3377DDE829E80208009D4FE4 /* ViewController */ = {
			isa = PBXGroup;
			children = (
				3377DDBA29E801EE009D4FE4 /* ViewController.swift */,
			);
			path = ViewController;
			sourceTree = "<group>";
		};
		3377DDE929E80223009D4FE4 /* Helpers */ = {
			isa = PBXGroup;
			children = (
				3377DE0129E822EE009D4FE4 /* Bundle-Decodable.swift */,
			);
			path = Helpers;
			sourceTree = "<group>";
		};
		3377DDEA29E80238009D4FE4 /* Resources */ = {
			isa = PBXGroup;
			children = (
				3377DDBF29E801F0009D4FE4 /* Assets.xcassets */,
				3377DE0A29E85199009D4FE4 /* EmptyQuestionFile.json */,
				3377DE0829E8511E009D4FE4 /* Questions.json */,
			);
			path = Resources;
			sourceTree = "<group>";
		};
		3377DDEB29E80272009D4FE4 /* System */ = {
			isa = PBXGroup;
			children = (
				3377DDB629E801EE009D4FE4 /* AppDelegate.swift */,
				3377DDB829E801EE009D4FE4 /* SceneDelegate.swift */,
				3377DDBC29E801EE009D4FE4 /* Main.storyboard */,
				3377DDC129E801F0009D4FE4 /* LaunchScreen.storyboard */,
			);
			path = System;
			sourceTree = "<group>";
		};
		3377DDEC29E80369009D4FE4 /* Model */ = {
			isa = PBXGroup;
			children = (
				33D5568829EED73800983F39 /* QuestionModelTests.swift */,
				3377DDF629E81982009D4FE4 /* QuestionSectionTests.swift */,
				3377DDED29E803EF009D4FE4 /* QuestionTests.swift */,
			);
			path = Model;
			sourceTree = "<group>";
		};
		3377DDF129E806E9009D4FE4 /* TestData */ = {
			isa = PBXGroup;
			children = (
				3377DDFA29E81A35009D4FE4 /* QuestionSectionTestData.swift */,
				3377DDF429E80A1F009D4FE4 /* QuestionTestData.swift */,
				33D5568C29EEDA8600983F39 /* QuestionModelTestData.swift */,
				33D5568E29EEE49D00983F39 /* Questions.json */,
			);
			path = TestData;
			sourceTree = "<group>";
		};
		3377DDFC29E81DA8009D4FE4 /* HelperTests */ = {
			isa = PBXGroup;
			children = (
				3377DE0329E82543009D4FE4 /* Bundle-DecodableTests.swift */,
			);
			path = HelperTests;
			sourceTree = "<group>";
		};
/* End PBXGroup section */

/* Begin PBXNativeTarget section */
		3377DDB229E801EE009D4FE4 /* SwiftTutor */ = {
			isa = PBXNativeTarget;
			buildConfigurationList = 3377DDDD29E801F0009D4FE4 /* Build configuration list for PBXNativeTarget "SwiftTutor" */;
			buildPhases = (
				3377DDAF29E801EE009D4FE4 /* Sources */,
				3377DDB029E801EE009D4FE4 /* Frameworks */,
				3377DDB129E801EE009D4FE4 /* Resources */,
			);
			buildRules = (
			);
			dependencies = (
			);
			name = SwiftTutor;
			productName = SwiftTutor;
			productReference = 3377DDB329E801EE009D4FE4 /* SwiftTutor.app */;
			productType = "com.apple.product-type.application";
		};
		3377DDC829E801F0009D4FE4 /* SwiftTutorTests */ = {
			isa = PBXNativeTarget;
			buildConfigurationList = 3377DDE029E801F0009D4FE4 /* Build configuration list for PBXNativeTarget "SwiftTutorTests" */;
			buildPhases = (
				3377DDC529E801F0009D4FE4 /* Sources */,
				3377DDC629E801F0009D4FE4 /* Frameworks */,
				3377DDC729E801F0009D4FE4 /* Resources */,
			);
			buildRules = (
			);
			dependencies = (
				3377DDCB29E801F0009D4FE4 /* PBXTargetDependency */,
			);
			name = SwiftTutorTests;
			productName = SwiftTutorTests;
			productReference = 3377DDC929E801F0009D4FE4 /* SwiftTutorTests.xctest */;
			productType = "com.apple.product-type.bundle.unit-test";
		};
		3377DDD229E801F0009D4FE4 /* SwiftTutorUITests */ = {
			isa = PBXNativeTarget;
			buildConfigurationList = 3377DDE329E801F0009D4FE4 /* Build configuration list for PBXNativeTarget "SwiftTutorUITests" */;
			buildPhases = (
				3377DDCF29E801F0009D4FE4 /* Sources */,
				3377DDD029E801F0009D4FE4 /* Frameworks */,
				3377DDD129E801F0009D4FE4 /* Resources */,
			);
			buildRules = (
			);
			dependencies = (
				3377DDD529E801F0009D4FE4 /* PBXTargetDependency */,
			);
			name = SwiftTutorUITests;
			productName = SwiftTutorUITests;
			productReference = 3377DDD329E801F0009D4FE4 /* SwiftTutorUITests.xctest */;
			productType = "com.apple.product-type.bundle.ui-testing";
		};
/* End PBXNativeTarget section */

/* Begin PBXProject section */
		3377DDAB29E801EE009D4FE4 /* Project object */ = {
			isa = PBXProject;
			attributes = {
				BuildIndependentTargetsInParallel = 1;
				LastSwiftUpdateCheck = 1430;
				LastUpgradeCheck = 1430;
				TargetAttributes = {
					3377DDB229E801EE009D4FE4 = {
						CreatedOnToolsVersion = 14.3;
					};
					3377DDC829E801F0009D4FE4 = {
						CreatedOnToolsVersion = 14.3;
						LastSwiftMigration = 1430;
						TestTargetID = 3377DDB229E801EE009D4FE4;
					};
					3377DDD229E801F0009D4FE4 = {
						CreatedOnToolsVersion = 14.3;
						TestTargetID = 3377DDB229E801EE009D4FE4;
					};
				};
			};
			buildConfigurationList = 3377DDAE29E801EE009D4FE4 /* Build configuration list for PBXProject "SwiftTutor" */;
			compatibilityVersion = "Xcode 14.0";
			developmentRegion = en;
			hasScannedForEncodings = 0;
			knownRegions = (
				en,
				Base,
			);
			mainGroup = 3377DDAA29E801EE009D4FE4;
			productRefGroup = 3377DDB429E801EE009D4FE4 /* Products */;
			projectDirPath = "";
			projectRoot = "";
			targets = (
				3377DDB229E801EE009D4FE4 /* SwiftTutor */,
				3377DDC829E801F0009D4FE4 /* SwiftTutorTests */,
				3377DDD229E801F0009D4FE4 /* SwiftTutorUITests */,
			);
		};
/* End PBXProject section */

/* Begin PBXResourcesBuildPhase section */
		3377DDB129E801EE009D4FE4 /* Resources */ = {
			isa = PBXResourcesBuildPhase;
			buildActionMask = 2147483647;
			files = (
				3377DDC329E801F0009D4FE4 /* LaunchScreen.storyboard in Resources */,
				3377DE0B29E85199009D4FE4 /* EmptyQuestionFile.json in Resources */,
				3377DE0929E8511E009D4FE4 /* Questions.json in Resources */,
				3377DDC029E801F0009D4FE4 /* Assets.xcassets in Resources */,
				3377DDBE29E801EE009D4FE4 /* Main.storyboard in Resources */,
			);
			runOnlyForDeploymentPostprocessing = 0;
		};
		3377DDC729E801F0009D4FE4 /* Resources */ = {
			isa = PBXResourcesBuildPhase;
			buildActionMask = 2147483647;
			files = (
				33D5568F29EEE49D00983F39 /* Questions.json in Resources */,
			);
			runOnlyForDeploymentPostprocessing = 0;
		};
		3377DDD129E801F0009D4FE4 /* Resources */ = {
			isa = PBXResourcesBuildPhase;
			buildActionMask = 2147483647;
			files = (
			);
			runOnlyForDeploymentPostprocessing = 0;
		};
/* End PBXResourcesBuildPhase section */

/* Begin PBXSourcesBuildPhase section */
		3377DDAF29E801EE009D4FE4 /* Sources */ = {
			isa = PBXSourcesBuildPhase;
			buildActionMask = 2147483647;
			files = (
				33D5568B29EED7BF00983F39 /* QuestionModel.swift in Sources */,
				3377DDF929E819D0009D4FE4 /* QuestionSection.swift in Sources */,
				3377DDBB29E801EE009D4FE4 /* ViewController.swift in Sources */,
				3377DDF029E805AC009D4FE4 /* Question.swift in Sources */,
				3377DDB729E801EE009D4FE4 /* AppDelegate.swift in Sources */,
				3377DDB929E801EE009D4FE4 /* SceneDelegate.swift in Sources */,
				3377DE0229E822EE009D4FE4 /* Bundle-Decodable.swift in Sources */,
			);
			runOnlyForDeploymentPostprocessing = 0;
		};
		3377DDC529E801F0009D4FE4 /* Sources */ = {
			isa = PBXSourcesBuildPhase;
			buildActionMask = 2147483647;
			files = (
				3377DDEE29E803EF009D4FE4 /* QuestionTests.swift in Sources */,
				3377DDF729E81982009D4FE4 /* QuestionSectionTests.swift in Sources */,
				3377DDF529E80A1F009D4FE4 /* QuestionTestData.swift in Sources */,
				3377DE0429E82543009D4FE4 /* Bundle-DecodableTests.swift in Sources */,
				33D5568D29EEDA8600983F39 /* QuestionModelTestData.swift in Sources */,
				3377DDFB29E81A35009D4FE4 /* QuestionSectionTestData.swift in Sources */,
				33D5568929EED73800983F39 /* QuestionModelTests.swift in Sources */,
			);
			runOnlyForDeploymentPostprocessing = 0;
		};
		3377DDCF29E801F0009D4FE4 /* Sources */ = {
			isa = PBXSourcesBuildPhase;
			buildActionMask = 2147483647;
			files = (
				3377DDD829E801F0009D4FE4 /* SwiftTutorUITests.swift in Sources */,
				3377DDDA29E801F0009D4FE4 /* SwiftTutorUITestsLaunchTests.swift in Sources */,
			);
			runOnlyForDeploymentPostprocessing = 0;
		};
/* End PBXSourcesBuildPhase section */

/* Begin PBXTargetDependency section */
		3377DDCB29E801F0009D4FE4 /* PBXTargetDependency */ = {
			isa = PBXTargetDependency;
			target = 3377DDB229E801EE009D4FE4 /* SwiftTutor */;
			targetProxy = 3377DDCA29E801F0009D4FE4 /* PBXContainerItemProxy */;
		};
		3377DDD529E801F0009D4FE4 /* PBXTargetDependency */ = {
			isa = PBXTargetDependency;
			target = 3377DDB229E801EE009D4FE4 /* SwiftTutor */;
			targetProxy = 3377DDD429E801F0009D4FE4 /* PBXContainerItemProxy */;
		};
/* End PBXTargetDependency section */

/* Begin PBXVariantGroup section */
		3377DDBC29E801EE009D4FE4 /* Main.storyboard */ = {
			isa = PBXVariantGroup;
			children = (
				3377DDBD29E801EE009D4FE4 /* Base */,
			);
			name = Main.storyboard;
			sourceTree = "<group>";
		};
		3377DDC129E801F0009D4FE4 /* LaunchScreen.storyboard */ = {
			isa = PBXVariantGroup;
			children = (
				3377DDC229E801F0009D4FE4 /* Base */,
			);
			name = LaunchScreen.storyboard;
			sourceTree = "<group>";
		};
/* End PBXVariantGroup section */

/* Begin XCBuildConfiguration section */
		3377DDDB29E801F0009D4FE4 /* Debug */ = {
			isa = XCBuildConfiguration;
			buildSettings = {
				ALWAYS_SEARCH_USER_PATHS = NO;
				CLANG_ANALYZER_NONNULL = YES;
				CLANG_ANALYZER_NUMBER_OBJECT_CONVERSION = YES_AGGRESSIVE;
				CLANG_CXX_LANGUAGE_STANDARD = "gnu++20";
				CLANG_ENABLE_MODULES = YES;
				CLANG_ENABLE_OBJC_ARC = YES;
				CLANG_ENABLE_OBJC_WEAK = YES;
				CLANG_WARN_BLOCK_CAPTURE_AUTORELEASING = YES;
				CLANG_WARN_BOOL_CONVERSION = YES;
				CLANG_WARN_COMMA = YES;
				CLANG_WARN_CONSTANT_CONVERSION = YES;
				CLANG_WARN_DEPRECATED_OBJC_IMPLEMENTATIONS = YES;
				CLANG_WARN_DIRECT_OBJC_ISA_USAGE = YES_ERROR;
				CLANG_WARN_DOCUMENTATION_COMMENTS = YES;
				CLANG_WARN_EMPTY_BODY = YES;
				CLANG_WARN_ENUM_CONVERSION = YES;
				CLANG_WARN_INFINITE_RECURSION = YES;
				CLANG_WARN_INT_CONVERSION = YES;
				CLANG_WARN_NON_LITERAL_NULL_CONVERSION = YES;
				CLANG_WARN_OBJC_IMPLICIT_RETAIN_SELF = YES;
				CLANG_WARN_OBJC_LITERAL_CONVERSION = YES;
				CLANG_WARN_OBJC_ROOT_CLASS = YES_ERROR;
				CLANG_WARN_QUOTED_INCLUDE_IN_FRAMEWORK_HEADER = YES;
				CLANG_WARN_RANGE_LOOP_ANALYSIS = YES;
				CLANG_WARN_STRICT_PROTOTYPES = YES;
				CLANG_WARN_SUSPICIOUS_MOVE = YES;
				CLANG_WARN_UNGUARDED_AVAILABILITY = YES_AGGRESSIVE;
				CLANG_WARN_UNREACHABLE_CODE = YES;
				CLANG_WARN__DUPLICATE_METHOD_MATCH = YES;
				COPY_PHASE_STRIP = NO;
				DEBUG_INFORMATION_FORMAT = dwarf;
				ENABLE_STRICT_OBJC_MSGSEND = YES;
				ENABLE_TESTABILITY = YES;
				GCC_C_LANGUAGE_STANDARD = gnu11;
				GCC_DYNAMIC_NO_PIC = NO;
				GCC_NO_COMMON_BLOCKS = YES;
				GCC_OPTIMIZATION_LEVEL = 0;
				GCC_PREPROCESSOR_DEFINITIONS = (
					"DEBUG=1",
					"$(inherited)",
				);
				GCC_WARN_64_TO_32_BIT_CONVERSION = YES;
				GCC_WARN_ABOUT_RETURN_TYPE = YES_ERROR;
				GCC_WARN_UNDECLARED_SELECTOR = YES;
				GCC_WARN_UNINITIALIZED_AUTOS = YES_AGGRESSIVE;
				GCC_WARN_UNUSED_FUNCTION = YES;
				GCC_WARN_UNUSED_VARIABLE = YES;
				IPHONEOS_DEPLOYMENT_TARGET = 16.4;
				MTL_ENABLE_DEBUG_INFO = INCLUDE_SOURCE;
				MTL_FAST_MATH = YES;
				ONLY_ACTIVE_ARCH = YES;
				SDKROOT = iphoneos;
				SWIFT_ACTIVE_COMPILATION_CONDITIONS = DEBUG;
				SWIFT_OPTIMIZATION_LEVEL = "-Onone";
			};
			name = Debug;
		};
		3377DDDC29E801F0009D4FE4 /* Release */ = {
			isa = XCBuildConfiguration;
			buildSettings = {
				ALWAYS_SEARCH_USER_PATHS = NO;
				CLANG_ANALYZER_NONNULL = YES;
				CLANG_ANALYZER_NUMBER_OBJECT_CONVERSION = YES_AGGRESSIVE;
				CLANG_CXX_LANGUAGE_STANDARD = "gnu++20";
				CLANG_ENABLE_MODULES = YES;
				CLANG_ENABLE_OBJC_ARC = YES;
				CLANG_ENABLE_OBJC_WEAK = YES;
				CLANG_WARN_BLOCK_CAPTURE_AUTORELEASING = YES;
				CLANG_WARN_BOOL_CONVERSION = YES;
				CLANG_WARN_COMMA = YES;
				CLANG_WARN_CONSTANT_CONVERSION = YES;
				CLANG_WARN_DEPRECATED_OBJC_IMPLEMENTATIONS = YES;
				CLANG_WARN_DIRECT_OBJC_ISA_USAGE = YES_ERROR;
				CLANG_WARN_DOCUMENTATION_COMMENTS = YES;
				CLANG_WARN_EMPTY_BODY = YES;
				CLANG_WARN_ENUM_CONVERSION = YES;
				CLANG_WARN_INFINITE_RECURSION = YES;
				CLANG_WARN_INT_CONVERSION = YES;
				CLANG_WARN_NON_LITERAL_NULL_CONVERSION = YES;
				CLANG_WARN_OBJC_IMPLICIT_RETAIN_SELF = YES;
				CLANG_WARN_OBJC_LITERAL_CONVERSION = YES;
				CLANG_WARN_OBJC_ROOT_CLASS = YES_ERROR;
				CLANG_WARN_QUOTED_INCLUDE_IN_FRAMEWORK_HEADER = YES;
				CLANG_WARN_RANGE_LOOP_ANALYSIS = YES;
				CLANG_WARN_STRICT_PROTOTYPES = YES;
				CLANG_WARN_SUSPICIOUS_MOVE = YES;
				CLANG_WARN_UNGUARDED_AVAILABILITY = YES_AGGRESSIVE;
				CLANG_WARN_UNREACHABLE_CODE = YES;
				CLANG_WARN__DUPLICATE_METHOD_MATCH = YES;
				COPY_PHASE_STRIP = NO;
				DEBUG_INFORMATION_FORMAT = "dwarf-with-dsym";
				ENABLE_NS_ASSERTIONS = NO;
				ENABLE_STRICT_OBJC_MSGSEND = YES;
				GCC_C_LANGUAGE_STANDARD = gnu11;
				GCC_NO_COMMON_BLOCKS = YES;
				GCC_WARN_64_TO_32_BIT_CONVERSION = YES;
				GCC_WARN_ABOUT_RETURN_TYPE = YES_ERROR;
				GCC_WARN_UNDECLARED_SELECTOR = YES;
				GCC_WARN_UNINITIALIZED_AUTOS = YES_AGGRESSIVE;
				GCC_WARN_UNUSED_FUNCTION = YES;
				GCC_WARN_UNUSED_VARIABLE = YES;
				IPHONEOS_DEPLOYMENT_TARGET = 16.4;
				MTL_ENABLE_DEBUG_INFO = NO;
				MTL_FAST_MATH = YES;
				SDKROOT = iphoneos;
				SWIFT_COMPILATION_MODE = wholemodule;
				SWIFT_OPTIMIZATION_LEVEL = "-O";
				VALIDATE_PRODUCT = YES;
			};
			name = Release;
		};
		3377DDDE29E801F0009D4FE4 /* Debug */ = {
			isa = XCBuildConfiguration;
			buildSettings = {
				ASSETCATALOG_COMPILER_APPICON_NAME = AppIcon;
				ASSETCATALOG_COMPILER_GLOBAL_ACCENT_COLOR_NAME = AccentColor;
				CODE_SIGN_STYLE = Automatic;
				CURRENT_PROJECT_VERSION = 1;
				DEVELOPMENT_TEAM = JV455MTU52;
				GENERATE_INFOPLIST_FILE = YES;
				INFOPLIST_FILE = SwiftTutor/Info.plist;
				INFOPLIST_KEY_UIApplicationSupportsIndirectInputEvents = YES;
				INFOPLIST_KEY_UILaunchStoryboardName = LaunchScreen;
				INFOPLIST_KEY_UIMainStoryboardFile = Main;
				INFOPLIST_KEY_UISupportedInterfaceOrientations_iPad = "UIInterfaceOrientationPortrait UIInterfaceOrientationPortraitUpsideDown UIInterfaceOrientationLandscapeLeft UIInterfaceOrientationLandscapeRight";
				INFOPLIST_KEY_UISupportedInterfaceOrientations_iPhone = "UIInterfaceOrientationPortrait UIInterfaceOrientationLandscapeLeft UIInterfaceOrientationLandscapeRight";
				LD_RUNPATH_SEARCH_PATHS = (
					"$(inherited)",
					"@executable_path/Frameworks",
				);
				MARKETING_VERSION = 1.0;
				PRODUCT_BUNDLE_IDENTIFIER = com.CalandraLark.SwiftTutor;
				PRODUCT_NAME = "$(TARGET_NAME)";
				SWIFT_EMIT_LOC_STRINGS = YES;
				SWIFT_VERSION = 5.0;
				TARGETED_DEVICE_FAMILY = "1,2";
			};
			name = Debug;
		};
		3377DDDF29E801F0009D4FE4 /* Release */ = {
			isa = XCBuildConfiguration;
			buildSettings = {
				ASSETCATALOG_COMPILER_APPICON_NAME = AppIcon;
				ASSETCATALOG_COMPILER_GLOBAL_ACCENT_COLOR_NAME = AccentColor;
				CODE_SIGN_STYLE = Automatic;
				CURRENT_PROJECT_VERSION = 1;
				DEVELOPMENT_TEAM = JV455MTU52;
				GENERATE_INFOPLIST_FILE = YES;
				INFOPLIST_FILE = SwiftTutor/Info.plist;
				INFOPLIST_KEY_UIApplicationSupportsIndirectInputEvents = YES;
				INFOPLIST_KEY_UILaunchStoryboardName = LaunchScreen;
				INFOPLIST_KEY_UIMainStoryboardFile = Main;
				INFOPLIST_KEY_UISupportedInterfaceOrientations_iPad = "UIInterfaceOrientationPortrait UIInterfaceOrientationPortraitUpsideDown UIInterfaceOrientationLandscapeLeft UIInterfaceOrientationLandscapeRight";
				INFOPLIST_KEY_UISupportedInterfaceOrientations_iPhone = "UIInterfaceOrientationPortrait UIInterfaceOrientationLandscapeLeft UIInterfaceOrientationLandscapeRight";
				LD_RUNPATH_SEARCH_PATHS = (
					"$(inherited)",
					"@executable_path/Frameworks",
				);
				MARKETING_VERSION = 1.0;
				PRODUCT_BUNDLE_IDENTIFIER = com.CalandraLark.SwiftTutor;
				PRODUCT_NAME = "$(TARGET_NAME)";
				SWIFT_EMIT_LOC_STRINGS = YES;
				SWIFT_VERSION = 5.0;
				TARGETED_DEVICE_FAMILY = "1,2";
			};
			name = Release;
		};
		3377DDE129E801F0009D4FE4 /* Debug */ = {
			isa = XCBuildConfiguration;
			buildSettings = {
				ALWAYS_EMBED_SWIFT_STANDARD_LIBRARIES = YES;
				BUNDLE_LOADER = "$(TEST_HOST)";
				CLANG_ENABLE_MODULES = YES;
				CODE_SIGN_STYLE = Automatic;
				CURRENT_PROJECT_VERSION = 1;
				DEVELOPMENT_TEAM = JV455MTU52;
				GENERATE_INFOPLIST_FILE = YES;
				IPHONEOS_DEPLOYMENT_TARGET = 16.4;
				MARKETING_VERSION = 1.0;
				PRODUCT_BUNDLE_IDENTIFIER = com.CalandraLark.SwiftTutorTests;
				PRODUCT_NAME = "$(TARGET_NAME)";
				SWIFT_EMIT_LOC_STRINGS = NO;
				SWIFT_OPTIMIZATION_LEVEL = "-Onone";
				SWIFT_VERSION = 5.0;
				TARGETED_DEVICE_FAMILY = "1,2";
				TEST_HOST = "$(BUILT_PRODUCTS_DIR)/SwiftTutor.app/$(BUNDLE_EXECUTABLE_FOLDER_PATH)/SwiftTutor";
			};
			name = Debug;
		};
		3377DDE229E801F0009D4FE4 /* Release */ = {
			isa = XCBuildConfiguration;
			buildSettings = {
				ALWAYS_EMBED_SWIFT_STANDARD_LIBRARIES = YES;
				BUNDLE_LOADER = "$(TEST_HOST)";
				CLANG_ENABLE_MODULES = YES;
				CODE_SIGN_STYLE = Automatic;
				CURRENT_PROJECT_VERSION = 1;
				DEVELOPMENT_TEAM = JV455MTU52;
				GENERATE_INFOPLIST_FILE = YES;
				IPHONEOS_DEPLOYMENT_TARGET = 16.4;
				MARKETING_VERSION = 1.0;
				PRODUCT_BUNDLE_IDENTIFIER = com.CalandraLark.SwiftTutorTests;
				PRODUCT_NAME = "$(TARGET_NAME)";
				SWIFT_EMIT_LOC_STRINGS = NO;
				SWIFT_VERSION = 5.0;
				TARGETED_DEVICE_FAMILY = "1,2";
				TEST_HOST = "$(BUILT_PRODUCTS_DIR)/SwiftTutor.app/$(BUNDLE_EXECUTABLE_FOLDER_PATH)/SwiftTutor";
			};
			name = Release;
		};
		3377DDE429E801F0009D4FE4 /* Debug */ = {
			isa = XCBuildConfiguration;
			buildSettings = {
				ALWAYS_EMBED_SWIFT_STANDARD_LIBRARIES = YES;
				CODE_SIGN_STYLE = Automatic;
				CURRENT_PROJECT_VERSION = 1;
				DEVELOPMENT_TEAM = JV455MTU52;
				GENERATE_INFOPLIST_FILE = YES;
				MARKETING_VERSION = 1.0;
				PRODUCT_BUNDLE_IDENTIFIER = com.CalandraLark.SwiftTutorUITests;
				PRODUCT_NAME = "$(TARGET_NAME)";
				SWIFT_EMIT_LOC_STRINGS = NO;
				SWIFT_VERSION = 5.0;
				TARGETED_DEVICE_FAMILY = "1,2";
				TEST_TARGET_NAME = SwiftTutor;
			};
			name = Debug;
		};
		3377DDE529E801F0009D4FE4 /* Release */ = {
			isa = XCBuildConfiguration;
			buildSettings = {
				ALWAYS_EMBED_SWIFT_STANDARD_LIBRARIES = YES;
				CODE_SIGN_STYLE = Automatic;
				CURRENT_PROJECT_VERSION = 1;
				DEVELOPMENT_TEAM = JV455MTU52;
				GENERATE_INFOPLIST_FILE = YES;
				MARKETING_VERSION = 1.0;
				PRODUCT_BUNDLE_IDENTIFIER = com.CalandraLark.SwiftTutorUITests;
				PRODUCT_NAME = "$(TARGET_NAME)";
				SWIFT_EMIT_LOC_STRINGS = NO;
				SWIFT_VERSION = 5.0;
				TARGETED_DEVICE_FAMILY = "1,2";
				TEST_TARGET_NAME = SwiftTutor;
			};
			name = Release;
		};
/* End XCBuildConfiguration section */

/* Begin XCConfigurationList section */
		3377DDAE29E801EE009D4FE4 /* Build configuration list for PBXProject "SwiftTutor" */ = {
			isa = XCConfigurationList;
			buildConfigurations = (
				3377DDDB29E801F0009D4FE4 /* Debug */,
				3377DDDC29E801F0009D4FE4 /* Release */,
			);
			defaultConfigurationIsVisible = 0;
			defaultConfigurationName = Release;
		};
		3377DDDD29E801F0009D4FE4 /* Build configuration list for PBXNativeTarget "SwiftTutor" */ = {
			isa = XCConfigurationList;
			buildConfigurations = (
				3377DDDE29E801F0009D4FE4 /* Debug */,
				3377DDDF29E801F0009D4FE4 /* Release */,
			);
			defaultConfigurationIsVisible = 0;
			defaultConfigurationName = Release;
		};
		3377DDE029E801F0009D4FE4 /* Build configuration list for PBXNativeTarget "SwiftTutorTests" */ = {
			isa = XCConfigurationList;
			buildConfigurations = (
				3377DDE129E801F0009D4FE4 /* Debug */,
				3377DDE229E801F0009D4FE4 /* Release */,
			);
			defaultConfigurationIsVisible = 0;
			defaultConfigurationName = Release;
		};
		3377DDE329E801F0009D4FE4 /* Build configuration list for PBXNativeTarget "SwiftTutorUITests" */ = {
			isa = XCConfigurationList;
			buildConfigurations = (
				3377DDE429E801F0009D4FE4 /* Debug */,
				3377DDE529E801F0009D4FE4 /* Release */,
			);
			defaultConfigurationIsVisible = 0;
			defaultConfigurationName = Release;
		};
/* End XCConfigurationList section */
	};
	rootObject = 3377DDAB29E801EE009D4FE4 /* Project object */;
}
